
Microsoft Visual Studio Solution File, Format Version 12.00
# Visual Studio Version 17
VisualStudioVersion = 17.7.34031.279
MinimumVisualStudioVersion = 10.0.40219.1
Project("{FAE04EC0-301F-11D3-BF4B-00C04F79EFBC}") = "oop", "oop\oop.csproj", "{F88E8819-5894-416F-8819-80177D1F9596}"
EndProject
Global
	GlobalSection(SolutionConfigurationPlatforms) = preSolution
		Debug|Any CPU = Debug|Any CPU
		Release|Any CPU = Release|Any CPU
	EndGlobalSection
	GlobalSection(ProjectConfigurationPlatforms) = postSolution
		{F88E8819-5894-416F-8819-80177D1F9596}.Debug|Any CPU.ActiveCfg = Debug|Any CPU
		{F88E8819-5894-416F-8819-80177D1F9596}.Debug|Any CPU.Build.0 = Debug|Any CPU
		{F88E8819-5894-416F-8819-80177D1F9596}.Release|Any CPU.ActiveCfg = Release|Any CPU
		{F88E8819-5894-416F-8819-80177D1F9596}.Release|Any CPU.Build.0 = Release|Any CPU
	EndGlobalSection
	GlobalSection(SolutionProperties) = preSolution
		HideSolutionNode = FALSE
	EndGlobalSection
	GlobalSection(ExtensibilityGlobals) = postSolution
		SolutionGuid = {4FA02DAF-990F-4158-81F9-3B8BDA90F74D}
	EndGlobalSection
EndGlobal
